// !$*UTF8*$!
{
	archiveVersion = 1;
	classes = {
	};
	objectVersion = 50;
	objects = {

/* Begin PBXBuildFile section */
		4B45301BC704EFDA6BE9EBC8 /* Pods_Venew.framework in Frameworks */ = {isa = PBXBuildFile; fileRef = 5704C1AF74A3F4A79ADCDBB5 /* Pods_Venew.framework */; };
		C40C1D6E20EC460B001CF58F /* libACRCloud_IOS_SDK.a in Frameworks */ = {isa = PBXBuildFile; fileRef = C4286B3120EC38AC00B3A003 /* libACRCloud_IOS_SDK.a */; };
		C41C78EE2107EF930065CC15 /* Events.swift in Sources */ = {isa = PBXBuildFile; fileRef = C41C78ED2107EF930065CC15 /* Events.swift */; };
		C4286B3D20EC394300B3A003 /* Security.framework in Frameworks */ = {isa = PBXBuildFile; fileRef = C4286B3C20EC394300B3A003 /* Security.framework */; };
		C4286B3F20EC395A00B3A003 /* libc++.tbd in Frameworks */ = {isa = PBXBuildFile; fileRef = C4286B3E20EC395A00B3A003 /* libc++.tbd */; };
		C4286B4120EC396600B3A003 /* AVFoundation.framework in Frameworks */ = {isa = PBXBuildFile; fileRef = C4286B4020EC396600B3A003 /* AVFoundation.framework */; };
		C4286B4320EC397400B3A003 /* AudioToolbox.framework in Frameworks */ = {isa = PBXBuildFile; fileRef = C4286B4220EC397300B3A003 /* AudioToolbox.framework */; };
		C42CE0DD20EA7FFD008C75DD /* NowPlayingView.swift in Sources */ = {isa = PBXBuildFile; fileRef = C42CE0DC20EA7FFD008C75DD /* NowPlayingView.swift */; };
		C42CE0E220EAF0DD008C75DD /* NowPlayingCoordinator.swift in Sources */ = {isa = PBXBuildFile; fileRef = C4FE4CEB20E9F73200390B4C /* NowPlayingCoordinator.swift */; };
		C42CE0E320EAF0EF008C75DD /* NowPlayingViewController.swift in Sources */ = {isa = PBXBuildFile; fileRef = C4FE4CED20E9F8A900390B4C /* NowPlayingViewController.swift */; };
		C42CE0E420EAF110008C75DD /* NowPlayingViewModel.swift in Sources */ = {isa = PBXBuildFile; fileRef = C4FE4CEF20E9F91800390B4C /* NowPlayingViewModel.swift */; };
		C42CE0E520EAF119008C75DD /* NowPlayingView.swift in Sources */ = {isa = PBXBuildFile; fileRef = C42CE0DC20EA7FFD008C75DD /* NowPlayingView.swift */; };
		C42CE0E720EAF6D4008C75DD /* LocationService.swift in Sources */ = {isa = PBXBuildFile; fileRef = C42CE0E620EAF6D4008C75DD /* LocationService.swift */; };
		C42CE0E920EAF810008C75DD /* CLLocationManager+Rx.swift in Sources */ = {isa = PBXBuildFile; fileRef = C42CE0E820EAF810008C75DD /* CLLocationManager+Rx.swift */; };
		C42CE0EB20EAFCD3008C75DD /* RxCLLocationManagerDelegateProxy.swift in Sources */ = {isa = PBXBuildFile; fileRef = C42CE0EA20EAFCD3008C75DD /* RxCLLocationManagerDelegateProxy.swift */; };
		C44CD6C4210133CE007B3A1A /* ArtistSearchResult.swift in Sources */ = {isa = PBXBuildFile; fileRef = C44CD6C3210133CE007B3A1A /* ArtistSearchResult.swift */; };
		C44CD6C621013664007B3A1A /* Data+Codable.swift in Sources */ = {isa = PBXBuildFile; fileRef = C44CD6C521013664007B3A1A /* Data+Codable.swift */; };
		C44CD6C92101707C007B3A1A /* MediaPlayer.swift in Sources */ = {isa = PBXBuildFile; fileRef = C44CD6C82101707C007B3A1A /* MediaPlayer.swift */; };
		C457C6B320EC56D700855333 /* SongACR.swift in Sources */ = {isa = PBXBuildFile; fileRef = C457C6B220EC56D600855333 /* SongACR.swift */; };
		C4A353C820ED864300AA5F38 /* MusicIdentifier.swift in Sources */ = {isa = PBXBuildFile; fileRef = C457C6AE20EC4DCC00855333 /* MusicIdentifier.swift */; };
		C4A353CB20EDB79D00AA5F38 /* MusicIDCoordinator.swift in Sources */ = {isa = PBXBuildFile; fileRef = C4A353CA20EDB79D00AA5F38 /* MusicIDCoordinator.swift */; };
		C4A353CD20EDB83F00AA5F38 /* MusicIDViewModel.swift in Sources */ = {isa = PBXBuildFile; fileRef = C4A353CC20EDB83F00AA5F38 /* MusicIDViewModel.swift */; };
		C4A353CF20EDBEBE00AA5F38 /* MusicIDViewController.swift in Sources */ = {isa = PBXBuildFile; fileRef = C4A353CE20EDBEBE00AA5F38 /* MusicIDViewController.swift */; };
		C4A353D120EDCAB200AA5F38 /* MusicIDView.swift in Sources */ = {isa = PBXBuildFile; fileRef = C4A353D020EDCAB200AA5F38 /* MusicIDView.swift */; };
		C4A353D320EDDA6200AA5F38 /* Result.swift in Sources */ = {isa = PBXBuildFile; fileRef = C4A353D220EDDA6200AA5F38 /* Result.swift */; };
		C4B0B415210670C9004EF1DF /* VenueAPIClient.swift in Sources */ = {isa = PBXBuildFile; fileRef = C4B0B414210670C9004EF1DF /* VenueAPIClient.swift */; };
		C4B0B41721067112004EF1DF /* MPMusic+ex.swift in Sources */ = {isa = PBXBuildFile; fileRef = C4B0B41621067112004EF1DF /* MPMusic+ex.swift */; };
		C4FAEFA221012534007CE430 /* APIEndpoint.swift in Sources */ = {isa = PBXBuildFile; fileRef = C4FAEFA121012534007CE430 /* APIEndpoint.swift */; };
		C4FE4CB820E9EDA900390B4C /* AppDelegate.swift in Sources */ = {isa = PBXBuildFile; fileRef = C4FE4CB720E9EDA900390B4C /* AppDelegate.swift */; };
		C4FE4CBF20E9EDAA00390B4C /* Assets.xcassets in Resources */ = {isa = PBXBuildFile; fileRef = C4FE4CBE20E9EDAA00390B4C /* Assets.xcassets */; };
		C4FE4CC220E9EDAA00390B4C /* LaunchScreen.storyboard in Resources */ = {isa = PBXBuildFile; fileRef = C4FE4CC020E9EDAA00390B4C /* LaunchScreen.storyboard */; };
		C4FE4CCD20E9EDAA00390B4C /* VenewTests.swift in Sources */ = {isa = PBXBuildFile; fileRef = C4FE4CCC20E9EDAA00390B4C /* VenewTests.swift */; };
		C4FE4CDB20E9EFA900390B4C /* AppCoordinatorSpec.swift in Sources */ = {isa = PBXBuildFile; fileRef = C4FE4CD720E9EFA300390B4C /* AppCoordinatorSpec.swift */; };
		C4FE4CDC20E9EFAC00390B4C /* CoordinatorSpec.swift in Sources */ = {isa = PBXBuildFile; fileRef = C4FE4CD820E9EFA400390B4C /* CoordinatorSpec.swift */; };
		C4FE4CE320E9F26900390B4C /* MockCoordinator.swift in Sources */ = {isa = PBXBuildFile; fileRef = C4FE4CDE20E9F06F00390B4C /* MockCoordinator.swift */; };
		C4FE4CE520E9F26900390B4C /* Coordinator.swift in Sources */ = {isa = PBXBuildFile; fileRef = C4FE4CDF20E9F07000390B4C /* Coordinator.swift */; };
		C4FE4CE620E9F2E600390B4C /* Coordinator.swift in Sources */ = {isa = PBXBuildFile; fileRef = C4FE4CDF20E9F07000390B4C /* Coordinator.swift */; };
		C4FE4CE720E9F2F700390B4C /* MockCoordinator.swift in Sources */ = {isa = PBXBuildFile; fileRef = C4FE4CDE20E9F06F00390B4C /* MockCoordinator.swift */; };
		C4FE4CE920E9F38900390B4C /* AppCoordinator.swift in Sources */ = {isa = PBXBuildFile; fileRef = C4FE4CE820E9F38900390B4C /* AppCoordinator.swift */; };
		C4FE4CEA20E9F39000390B4C /* AppCoordinator.swift in Sources */ = {isa = PBXBuildFile; fileRef = C4FE4CE820E9F38900390B4C /* AppCoordinator.swift */; };
		C4FE4CEC20E9F73200390B4C /* NowPlayingCoordinator.swift in Sources */ = {isa = PBXBuildFile; fileRef = C4FE4CEB20E9F73200390B4C /* NowPlayingCoordinator.swift */; };
		C4FE4CEE20E9F8A900390B4C /* NowPlayingViewController.swift in Sources */ = {isa = PBXBuildFile; fileRef = C4FE4CED20E9F8A900390B4C /* NowPlayingViewController.swift */; };
		C4FE4CF020E9F91800390B4C /* NowPlayingViewModel.swift in Sources */ = {isa = PBXBuildFile; fileRef = C4FE4CEF20E9F91800390B4C /* NowPlayingViewModel.swift */; };
		DD9514C6976783434DA2FD5F /* Pods_VenewTests.framework in Frameworks */ = {isa = PBXBuildFile; fileRef = DC38BACC864AC04037425B85 /* Pods_VenewTests.framework */; };
/* End PBXBuildFile section */

/* Begin PBXContainerItemProxy section */
		C4FE4CC920E9EDAA00390B4C /* PBXContainerItemProxy */ = {
			isa = PBXContainerItemProxy;
			containerPortal = C4FE4CAC20E9EDA900390B4C /* Project object */;
			proxyType = 1;
			remoteGlobalIDString = C4FE4CB320E9EDA900390B4C;
			remoteInfo = Venew;
		};
/* End PBXContainerItemProxy section */

/* Begin PBXFileReference section */
		47B43FAD00F2CFC79482E0E8 /* Pods-Venew.release.xcconfig */ = {isa = PBXFileReference; includeInIndex = 1; lastKnownFileType = text.xcconfig; name = "Pods-Venew.release.xcconfig"; path = "Pods/Target Support Files/Pods-Venew/Pods-Venew.release.xcconfig"; sourceTree = "<group>"; };
		5704C1AF74A3F4A79ADCDBB5 /* Pods_Venew.framework */ = {isa = PBXFileReference; explicitFileType = wrapper.framework; includeInIndex = 0; path = Pods_Venew.framework; sourceTree = BUILT_PRODUCTS_DIR; };
		9DFE4C19267A8733D1998F20 /* Pods-VenewTests.debug.xcconfig */ = {isa = PBXFileReference; includeInIndex = 1; lastKnownFileType = text.xcconfig; name = "Pods-VenewTests.debug.xcconfig"; path = "Pods/Target Support Files/Pods-VenewTests/Pods-VenewTests.debug.xcconfig"; sourceTree = "<group>"; };
		B5DD81047E0AE7568FDD6666 /* Pods-VenewTests.release.xcconfig */ = {isa = PBXFileReference; includeInIndex = 1; lastKnownFileType = text.xcconfig; name = "Pods-VenewTests.release.xcconfig"; path = "Pods/Target Support Files/Pods-VenewTests/Pods-VenewTests.release.xcconfig"; sourceTree = "<group>"; };
		C41C78ED2107EF930065CC15 /* Events.swift */ = {isa = PBXFileReference; lastKnownFileType = sourcecode.swift; path = Events.swift; sourceTree = "<group>"; };
		C4286B3120EC38AC00B3A003 /* libACRCloud_IOS_SDK.a */ = {isa = PBXFileReference; lastKnownFileType = archive.ar; path = libACRCloud_IOS_SDK.a; sourceTree = "<group>"; };
		C4286B3C20EC394300B3A003 /* Security.framework */ = {isa = PBXFileReference; lastKnownFileType = wrapper.framework; name = Security.framework; path = System/Library/Frameworks/Security.framework; sourceTree = SDKROOT; };
		C4286B3E20EC395A00B3A003 /* libc++.tbd */ = {isa = PBXFileReference; lastKnownFileType = "sourcecode.text-based-dylib-definition"; name = "libc++.tbd"; path = "usr/lib/libc++.tbd"; sourceTree = SDKROOT; };
		C4286B4020EC396600B3A003 /* AVFoundation.framework */ = {isa = PBXFileReference; lastKnownFileType = wrapper.framework; name = AVFoundation.framework; path = System/Library/Frameworks/AVFoundation.framework; sourceTree = SDKROOT; };
		C4286B4220EC397300B3A003 /* AudioToolbox.framework */ = {isa = PBXFileReference; lastKnownFileType = wrapper.framework; name = AudioToolbox.framework; path = System/Library/Frameworks/AudioToolbox.framework; sourceTree = SDKROOT; };
		C4286B4720EC3B2F00B3A003 /* ACRCloudDemo_Swift-Bridging-Header.h */ = {isa = PBXFileReference; lastKnownFileType = sourcecode.c.h; path = "ACRCloudDemo_Swift-Bridging-Header.h"; sourceTree = "<group>"; };
		C42CE0DC20EA7FFD008C75DD /* NowPlayingView.swift */ = {isa = PBXFileReference; lastKnownFileType = sourcecode.swift; path = NowPlayingView.swift; sourceTree = "<group>"; };
		C42CE0E620EAF6D4008C75DD /* LocationService.swift */ = {isa = PBXFileReference; lastKnownFileType = sourcecode.swift; path = LocationService.swift; sourceTree = "<group>"; };
		C42CE0E820EAF810008C75DD /* CLLocationManager+Rx.swift */ = {isa = PBXFileReference; lastKnownFileType = sourcecode.swift; path = "CLLocationManager+Rx.swift"; sourceTree = "<group>"; };
		C42CE0EA20EAFCD3008C75DD /* RxCLLocationManagerDelegateProxy.swift */ = {isa = PBXFileReference; lastKnownFileType = sourcecode.swift; path = RxCLLocationManagerDelegateProxy.swift; sourceTree = "<group>"; };
		C440537F20EC3F9C00BC6872 /* ACRCloudRecognition.h */ = {isa = PBXFileReference; fileEncoding = 4; lastKnownFileType = sourcecode.c.h; path = ACRCloudRecognition.h; sourceTree = "<group>"; };
		C440538020EC3F9C00BC6872 /* ACRCloudConfig.h */ = {isa = PBXFileReference; fileEncoding = 4; lastKnownFileType = sourcecode.c.h; path = ACRCloudConfig.h; sourceTree = "<group>"; };
		C44CD6C3210133CE007B3A1A /* ArtistSearchResult.swift */ = {isa = PBXFileReference; lastKnownFileType = sourcecode.swift; path = ArtistSearchResult.swift; sourceTree = "<group>"; };
		C44CD6C521013664007B3A1A /* Data+Codable.swift */ = {isa = PBXFileReference; lastKnownFileType = sourcecode.swift; path = "Data+Codable.swift"; sourceTree = "<group>"; };
		C44CD6C82101707C007B3A1A /* MediaPlayer.swift */ = {isa = PBXFileReference; lastKnownFileType = sourcecode.swift; path = MediaPlayer.swift; sourceTree = "<group>"; };
		C457C6AE20EC4DCC00855333 /* MusicIdentifier.swift */ = {isa = PBXFileReference; lastKnownFileType = sourcecode.swift; path = MusicIdentifier.swift; sourceTree = "<group>"; };
		C457C6B220EC56D600855333 /* SongACR.swift */ = {isa = PBXFileReference; lastKnownFileType = sourcecode.swift; path = SongACR.swift; sourceTree = "<group>"; };
		C4A353CA20EDB79D00AA5F38 /* MusicIDCoordinator.swift */ = {isa = PBXFileReference; lastKnownFileType = sourcecode.swift; path = MusicIDCoordinator.swift; sourceTree = "<group>"; };
		C4A353CC20EDB83F00AA5F38 /* MusicIDViewModel.swift */ = {isa = PBXFileReference; lastKnownFileType = sourcecode.swift; path = MusicIDViewModel.swift; sourceTree = "<group>"; };
		C4A353CE20EDBEBE00AA5F38 /* MusicIDViewController.swift */ = {isa = PBXFileReference; lastKnownFileType = sourcecode.swift; path = MusicIDViewController.swift; sourceTree = "<group>"; };
		C4A353D020EDCAB200AA5F38 /* MusicIDView.swift */ = {isa = PBXFileReference; lastKnownFileType = sourcecode.swift; path = MusicIDView.swift; sourceTree = "<group>"; };
		C4A353D220EDDA6200AA5F38 /* Result.swift */ = {isa = PBXFileReference; lastKnownFileType = sourcecode.swift; path = Result.swift; sourceTree = "<group>"; };
		C4B0B414210670C9004EF1DF /* VenueAPIClient.swift */ = {isa = PBXFileReference; lastKnownFileType = sourcecode.swift; name = VenueAPIClient.swift; path = /Users/Masai/Code/Venew/Venew/Services/VenueAPIClient.swift; sourceTree = "<absolute>"; };
		C4B0B41621067112004EF1DF /* MPMusic+ex.swift */ = {isa = PBXFileReference; lastKnownFileType = sourcecode.swift; path = "MPMusic+ex.swift"; sourceTree = "<group>"; };
		C4FAEFA121012534007CE430 /* APIEndpoint.swift */ = {isa = PBXFileReference; lastKnownFileType = sourcecode.swift; path = APIEndpoint.swift; sourceTree = "<group>"; };
		C4FE4CB420E9EDA900390B4C /* Venew.app */ = {isa = PBXFileReference; explicitFileType = wrapper.application; includeInIndex = 0; path = Venew.app; sourceTree = BUILT_PRODUCTS_DIR; };
		C4FE4CB720E9EDA900390B4C /* AppDelegate.swift */ = {isa = PBXFileReference; lastKnownFileType = sourcecode.swift; path = AppDelegate.swift; sourceTree = "<group>"; };
		C4FE4CBE20E9EDAA00390B4C /* Assets.xcassets */ = {isa = PBXFileReference; lastKnownFileType = folder.assetcatalog; path = Assets.xcassets; sourceTree = "<group>"; };
		C4FE4CC120E9EDAA00390B4C /* Base */ = {isa = PBXFileReference; lastKnownFileType = file.storyboard; name = Base; path = Base.lproj/LaunchScreen.storyboard; sourceTree = "<group>"; };
		C4FE4CC320E9EDAA00390B4C /* Info.plist */ = {isa = PBXFileReference; lastKnownFileType = text.plist.xml; path = Info.plist; sourceTree = "<group>"; };
		C4FE4CC820E9EDAA00390B4C /* VenewTests.xctest */ = {isa = PBXFileReference; explicitFileType = wrapper.cfbundle; includeInIndex = 0; path = VenewTests.xctest; sourceTree = BUILT_PRODUCTS_DIR; };
		C4FE4CCC20E9EDAA00390B4C /* VenewTests.swift */ = {isa = PBXFileReference; lastKnownFileType = sourcecode.swift; path = VenewTests.swift; sourceTree = "<group>"; };
		C4FE4CCE20E9EDAA00390B4C /* Info.plist */ = {isa = PBXFileReference; lastKnownFileType = text.plist.xml; path = Info.plist; sourceTree = "<group>"; };
		C4FE4CD720E9EFA300390B4C /* AppCoordinatorSpec.swift */ = {isa = PBXFileReference; fileEncoding = 4; lastKnownFileType = sourcecode.swift; path = AppCoordinatorSpec.swift; sourceTree = "<group>"; };
		C4FE4CD820E9EFA400390B4C /* CoordinatorSpec.swift */ = {isa = PBXFileReference; fileEncoding = 4; lastKnownFileType = sourcecode.swift; path = CoordinatorSpec.swift; sourceTree = "<group>"; };
		C4FE4CDE20E9F06F00390B4C /* MockCoordinator.swift */ = {isa = PBXFileReference; fileEncoding = 4; lastKnownFileType = sourcecode.swift; path = MockCoordinator.swift; sourceTree = "<group>"; };
		C4FE4CDF20E9F07000390B4C /* Coordinator.swift */ = {isa = PBXFileReference; fileEncoding = 4; lastKnownFileType = sourcecode.swift; path = Coordinator.swift; sourceTree = "<group>"; };
		C4FE4CE820E9F38900390B4C /* AppCoordinator.swift */ = {isa = PBXFileReference; fileEncoding = 4; lastKnownFileType = sourcecode.swift; path = AppCoordinator.swift; sourceTree = "<group>"; };
		C4FE4CEB20E9F73200390B4C /* NowPlayingCoordinator.swift */ = {isa = PBXFileReference; lastKnownFileType = sourcecode.swift; path = NowPlayingCoordinator.swift; sourceTree = "<group>"; };
		C4FE4CED20E9F8A900390B4C /* NowPlayingViewController.swift */ = {isa = PBXFileReference; lastKnownFileType = sourcecode.swift; path = NowPlayingViewController.swift; sourceTree = "<group>"; };
		C4FE4CEF20E9F91800390B4C /* NowPlayingViewModel.swift */ = {isa = PBXFileReference; fileEncoding = 4; lastKnownFileType = sourcecode.swift; path = NowPlayingViewModel.swift; sourceTree = "<group>"; };
		DC38BACC864AC04037425B85 /* Pods_VenewTests.framework */ = {isa = PBXFileReference; explicitFileType = wrapper.framework; includeInIndex = 0; path = Pods_VenewTests.framework; sourceTree = BUILT_PRODUCTS_DIR; };
		F2F2DBA0502C5DF7ACD07697 /* Pods-Venew.debug.xcconfig */ = {isa = PBXFileReference; includeInIndex = 1; lastKnownFileType = text.xcconfig; name = "Pods-Venew.debug.xcconfig"; path = "Pods/Target Support Files/Pods-Venew/Pods-Venew.debug.xcconfig"; sourceTree = "<group>"; };
/* End PBXFileReference section */

/* Begin PBXFrameworksBuildPhase section */
		C4FE4CB120E9EDA900390B4C /* Frameworks */ = {
			isa = PBXFrameworksBuildPhase;
			buildActionMask = 2147483647;
			files = (
				C4286B4320EC397400B3A003 /* AudioToolbox.framework in Frameworks */,
				C4286B4120EC396600B3A003 /* AVFoundation.framework in Frameworks */,
				C4286B3F20EC395A00B3A003 /* libc++.tbd in Frameworks */,
				C4286B3D20EC394300B3A003 /* Security.framework in Frameworks */,
				4B45301BC704EFDA6BE9EBC8 /* Pods_Venew.framework in Frameworks */,
				C40C1D6E20EC460B001CF58F /* libACRCloud_IOS_SDK.a in Frameworks */,
			);
			runOnlyForDeploymentPostprocessing = 0;
		};
		C4FE4CC520E9EDAA00390B4C /* Frameworks */ = {
			isa = PBXFrameworksBuildPhase;
			buildActionMask = 2147483647;
			files = (
				DD9514C6976783434DA2FD5F /* Pods_VenewTests.framework in Frameworks */,
			);
			runOnlyForDeploymentPostprocessing = 0;
		};
/* End PBXFrameworksBuildPhase section */

/* Begin PBXGroup section */
		C40826F520EEED43006F64CB /* MusicIDScene */ = {
			isa = PBXGroup;
			children = (
				C4A353CA20EDB79D00AA5F38 /* MusicIDCoordinator.swift */,
				C4A353CC20EDB83F00AA5F38 /* MusicIDViewModel.swift */,
				C4A353CE20EDBEBE00AA5F38 /* MusicIDViewController.swift */,
				C4A353D020EDCAB200AA5F38 /* MusicIDView.swift */,
			);
			path = MusicIDScene;
			sourceTree = "<group>";
		};
		C42CE0DF20EAEF6D008C75DD /* AppDelegate */ = {
			isa = PBXGroup;
			children = (
				C4FE4CB720E9EDA900390B4C /* AppDelegate.swift */,
				C4FE4CE820E9F38900390B4C /* AppCoordinator.swift */,
				C42CE0EA20EAFCD3008C75DD /* RxCLLocationManagerDelegateProxy.swift */,
				C42CE0E820EAF810008C75DD /* CLLocationManager+Rx.swift */,
			);
			path = AppDelegate;
			sourceTree = "<group>";
		};
		C42CE0E020EAEF86008C75DD /* Coordinator */ = {
			isa = PBXGroup;
			children = (
				C4FE4CDF20E9F07000390B4C /* Coordinator.swift */,
				C4FE4CDE20E9F06F00390B4C /* MockCoordinator.swift */,
			);
			path = Coordinator;
			sourceTree = "<group>";
		};
		C42CE0E120EAEF95008C75DD /* NowPlayingScene */ = {
			isa = PBXGroup;
			children = (
				C4FE4CEB20E9F73200390B4C /* NowPlayingCoordinator.swift */,
				C42CE0DC20EA7FFD008C75DD /* NowPlayingView.swift */,
				C4FE4CEF20E9F91800390B4C /* NowPlayingViewModel.swift */,
				C4FE4CED20E9F8A900390B4C /* NowPlayingViewController.swift */,
			);
			path = NowPlayingScene;
			sourceTree = "<group>";
		};
		C44CD6C221013334007B3A1A /* Scenes */ = {
			isa = PBXGroup;
			children = (
				C42CE0DF20EAEF6D008C75DD /* AppDelegate */,
				C42CE0E120EAEF95008C75DD /* NowPlayingScene */,
				C40826F520EEED43006F64CB /* MusicIDScene */,
			);
			path = Scenes;
			sourceTree = "<group>";
		};
		C44CD6C721013B3A007B3A1A /* Models */ = {
			isa = PBXGroup;
			children = (
				C457C6B220EC56D600855333 /* SongACR.swift */,
				C44CD6C3210133CE007B3A1A /* ArtistSearchResult.swift */,
				C41C78ED2107EF930065CC15 /* Events.swift */,
			);
			path = Models;
			sourceTree = "<group>";
		};
		C457C6B020EC55BA00855333 /* MusicIdentification */ = {
			isa = PBXGroup;
			children = (
				C457C6B120EC55CC00855333 /* ACRDependencies */,
			);
			path = MusicIdentification;
			sourceTree = "<group>";
		};
		C457C6B120EC55CC00855333 /* ACRDependencies */ = {
			isa = PBXGroup;
			children = (
				C440538020EC3F9C00BC6872 /* ACRCloudConfig.h */,
				C440537F20EC3F9C00BC6872 /* ACRCloudRecognition.h */,
			);
			path = ACRDependencies;
			sourceTree = "<group>";
		};
		C4B0B413210670BA004EF1DF /* Services */ = {
			isa = PBXGroup;
			children = (
				C457C6B020EC55BA00855333 /* MusicIdentification */,
				C42CE0E620EAF6D4008C75DD /* LocationService.swift */,
				C457C6AE20EC4DCC00855333 /* MusicIdentifier.swift */,
				C44CD6C82101707C007B3A1A /* MediaPlayer.swift */,
				C4B0B418210676AC004EF1DF /* VenueAPI */,
				C4B0B41621067112004EF1DF /* MPMusic+ex.swift */,
			);
			path = Services;
			sourceTree = "<group>";
		};
		C4B0B418210676AC004EF1DF /* VenueAPI */ = {
			isa = PBXGroup;
			children = (
				C4B0B414210670C9004EF1DF /* VenueAPIClient.swift */,
				C4FAEFA121012534007CE430 /* APIEndpoint.swift */,
			);
			path = VenueAPI;
			sourceTree = "<group>";
		};
		C4B0B41921067807004EF1DF /* Frameworks */ = {
			isa = PBXGroup;
			children = (
			);
			path = Frameworks;
			sourceTree = "<group>";
		};
		C4FE4CAB20E9EDA900390B4C = {
			isa = PBXGroup;
			children = (
				C4286B4720EC3B2F00B3A003 /* ACRCloudDemo_Swift-Bridging-Header.h */,
				C4FE4CB620E9EDA900390B4C /* Venew */,
				C4FE4CCB20E9EDAA00390B4C /* VenewTests */,
				C4FE4CB520E9EDA900390B4C /* Products */,
				C9EFBEADACC6BE2AE46037D6 /* Pods */,
				DB539FEA0799C40B01F1F717 /* Frameworks */,
			);
			sourceTree = "<group>";
		};
		C4FE4CB520E9EDA900390B4C /* Products */ = {
			isa = PBXGroup;
			children = (
				C4FE4CB420E9EDA900390B4C /* Venew.app */,
				C4FE4CC820E9EDAA00390B4C /* VenewTests.xctest */,
			);
			name = Products;
			sourceTree = "<group>";
		};
		C4FE4CB620E9EDA900390B4C /* Venew */ = {
			isa = PBXGroup;
			children = (
				C4286B3120EC38AC00B3A003 /* libACRCloud_IOS_SDK.a */,
				C4B0B41921067807004EF1DF /* Frameworks */,
				C44CD6C721013B3A007B3A1A /* Models */,
				C42CE0E020EAEF86008C75DD /* Coordinator */,
				C44CD6C221013334007B3A1A /* Scenes */,
				C4B0B413210670BA004EF1DF /* Services */,
				C4FE4CBE20E9EDAA00390B4C /* Assets.xcassets */,
				C4FE4CC020E9EDAA00390B4C /* LaunchScreen.storyboard */,
				C4FE4CC320E9EDAA00390B4C /* Info.plist */,
				C4A353D220EDDA6200AA5F38 /* Result.swift */,
				C44CD6C521013664007B3A1A /* Data+Codable.swift */,
			);
			path = Venew;
			sourceTree = "<group>";
		};
		C4FE4CCB20E9EDAA00390B4C /* VenewTests */ = {
			isa = PBXGroup;
			children = (
				C4FE4CD720E9EFA300390B4C /* AppCoordinatorSpec.swift */,
				C4FE4CD820E9EFA400390B4C /* CoordinatorSpec.swift */,
				C4FE4CCC20E9EDAA00390B4C /* VenewTests.swift */,
				C4FE4CCE20E9EDAA00390B4C /* Info.plist */,
			);
			path = VenewTests;
			sourceTree = "<group>";
		};
		C9EFBEADACC6BE2AE46037D6 /* Pods */ = {
			isa = PBXGroup;
			children = (
				F2F2DBA0502C5DF7ACD07697 /* Pods-Venew.debug.xcconfig */,
				47B43FAD00F2CFC79482E0E8 /* Pods-Venew.release.xcconfig */,
				9DFE4C19267A8733D1998F20 /* Pods-VenewTests.debug.xcconfig */,
				B5DD81047E0AE7568FDD6666 /* Pods-VenewTests.release.xcconfig */,
			);
			name = Pods;
			sourceTree = "<group>";
		};
		DB539FEA0799C40B01F1F717 /* Frameworks */ = {
			isa = PBXGroup;
			children = (
				C4286B4220EC397300B3A003 /* AudioToolbox.framework */,
				C4286B4020EC396600B3A003 /* AVFoundation.framework */,
				C4286B3E20EC395A00B3A003 /* libc++.tbd */,
				C4286B3C20EC394300B3A003 /* Security.framework */,
				5704C1AF74A3F4A79ADCDBB5 /* Pods_Venew.framework */,
				DC38BACC864AC04037425B85 /* Pods_VenewTests.framework */,
			);
			name = Frameworks;
			sourceTree = "<group>";
		};
/* End PBXGroup section */

/* Begin PBXNativeTarget section */
		C4FE4CB320E9EDA900390B4C /* Venew */ = {
			isa = PBXNativeTarget;
			buildConfigurationList = C4FE4CD120E9EDAA00390B4C /* Build configuration list for PBXNativeTarget "Venew" */;
			buildPhases = (
				9E711EE2581D13DEC628E7BC /* [CP] Check Pods Manifest.lock */,
				C4FE4CB020E9EDA900390B4C /* Sources */,
				C4FE4CB120E9EDA900390B4C /* Frameworks */,
				C4FE4CB220E9EDA900390B4C /* Resources */,
				725E2D13A6870C8BB002A7B6 /* [CP] Embed Pods Frameworks */,
			);
			buildRules = (
			);
			dependencies = (
			);
			name = Venew;
			productName = Venew;
			productReference = C4FE4CB420E9EDA900390B4C /* Venew.app */;
			productType = "com.apple.product-type.application";
		};
		C4FE4CC720E9EDAA00390B4C /* VenewTests */ = {
			isa = PBXNativeTarget;
			buildConfigurationList = C4FE4CD420E9EDAA00390B4C /* Build configuration list for PBXNativeTarget "VenewTests" */;
			buildPhases = (
				E9F76FA26B5D26D94167D33F /* [CP] Check Pods Manifest.lock */,
				C4FE4CC420E9EDAA00390B4C /* Sources */,
				C4FE4CC520E9EDAA00390B4C /* Frameworks */,
				C4FE4CC620E9EDAA00390B4C /* Resources */,
				5AB7A17BEE860DA142C70361 /* [CP] Embed Pods Frameworks */,
			);
			buildRules = (
			);
			dependencies = (
				C4FE4CCA20E9EDAA00390B4C /* PBXTargetDependency */,
			);
			name = VenewTests;
			productName = VenewTests;
			productReference = C4FE4CC820E9EDAA00390B4C /* VenewTests.xctest */;
			productType = "com.apple.product-type.bundle.unit-test";
		};
/* End PBXNativeTarget section */

/* Begin PBXProject section */
		C4FE4CAC20E9EDA900390B4C /* Project object */ = {
			isa = PBXProject;
			attributes = {
				LastSwiftUpdateCheck = 0930;
				LastUpgradeCheck = 0930;
				ORGANIZATIONNAME = "Masai Young";
				TargetAttributes = {
					C4FE4CB320E9EDA900390B4C = {
						CreatedOnToolsVersion = 9.3.1;
					};
					C4FE4CC720E9EDAA00390B4C = {
						CreatedOnToolsVersion = 9.3.1;
						TestTargetID = C4FE4CB320E9EDA900390B4C;
					};
				};
			};
			buildConfigurationList = C4FE4CAF20E9EDA900390B4C /* Build configuration list for PBXProject "Venew" */;
			compatibilityVersion = "Xcode 9.3";
			developmentRegion = en;
			hasScannedForEncodings = 0;
			knownRegions = (
				en,
				Base,
			);
			mainGroup = C4FE4CAB20E9EDA900390B4C;
			productRefGroup = C4FE4CB520E9EDA900390B4C /* Products */;
			projectDirPath = "";
			projectRoot = "";
			targets = (
				C4FE4CB320E9EDA900390B4C /* Venew */,
				C4FE4CC720E9EDAA00390B4C /* VenewTests */,
			);
		};
/* End PBXProject section */

/* Begin PBXResourcesBuildPhase section */
		C4FE4CB220E9EDA900390B4C /* Resources */ = {
			isa = PBXResourcesBuildPhase;
			buildActionMask = 2147483647;
			files = (
				C4FE4CC220E9EDAA00390B4C /* LaunchScreen.storyboard in Resources */,
				C4FE4CBF20E9EDAA00390B4C /* Assets.xcassets in Resources */,
			);
			runOnlyForDeploymentPostprocessing = 0;
		};
		C4FE4CC620E9EDAA00390B4C /* Resources */ = {
			isa = PBXResourcesBuildPhase;
			buildActionMask = 2147483647;
			files = (
			);
			runOnlyForDeploymentPostprocessing = 0;
		};
/* End PBXResourcesBuildPhase section */

/* Begin PBXShellScriptBuildPhase section */
		5AB7A17BEE860DA142C70361 /* [CP] Embed Pods Frameworks */ = {
			isa = PBXShellScriptBuildPhase;
			buildActionMask = 2147483647;
			files = (
			);
			inputPaths = (
				"${SRCROOT}/Pods/Target Support Files/Pods-VenewTests/Pods-VenewTests-frameworks.sh",
				"${BUILT_PRODUCTS_DIR}/Nimble/Nimble.framework",
				"${BUILT_PRODUCTS_DIR}/Quick/Quick.framework",
			);
			name = "[CP] Embed Pods Frameworks";
			outputPaths = (
				"${TARGET_BUILD_DIR}/${FRAMEWORKS_FOLDER_PATH}/Nimble.framework",
				"${TARGET_BUILD_DIR}/${FRAMEWORKS_FOLDER_PATH}/Quick.framework",
			);
			runOnlyForDeploymentPostprocessing = 0;
			shellPath = /bin/sh;
			shellScript = "\"${SRCROOT}/Pods/Target Support Files/Pods-VenewTests/Pods-VenewTests-frameworks.sh\"\n";
			showEnvVarsInLog = 0;
		};
		725E2D13A6870C8BB002A7B6 /* [CP] Embed Pods Frameworks */ = {
			isa = PBXShellScriptBuildPhase;
			buildActionMask = 2147483647;
			files = (
			);
			inputPaths = (
				"${SRCROOT}/Pods/Target Support Files/Pods-Venew/Pods-Venew-frameworks.sh",
				"${BUILT_PRODUCTS_DIR}/RxCocoa/RxCocoa.framework",
				"${BUILT_PRODUCTS_DIR}/RxMKMapView/RxMKMapView.framework",
				"${BUILT_PRODUCTS_DIR}/RxOptional/RxOptional.framework",
				"${BUILT_PRODUCTS_DIR}/RxSwift/RxSwift.framework",
				"${BUILT_PRODUCTS_DIR}/SnapKit/SnapKit.framework",
				"${BUILT_PRODUCTS_DIR}/SwiftSiriWaveformView/SwiftSiriWaveformView.framework",
			);
			name = "[CP] Embed Pods Frameworks";
			outputPaths = (
				"${TARGET_BUILD_DIR}/${FRAMEWORKS_FOLDER_PATH}/RxCocoa.framework",
				"${TARGET_BUILD_DIR}/${FRAMEWORKS_FOLDER_PATH}/RxMKMapView.framework",
				"${TARGET_BUILD_DIR}/${FRAMEWORKS_FOLDER_PATH}/RxOptional.framework",
				"${TARGET_BUILD_DIR}/${FRAMEWORKS_FOLDER_PATH}/RxSwift.framework",
				"${TARGET_BUILD_DIR}/${FRAMEWORKS_FOLDER_PATH}/SnapKit.framework",
				"${TARGET_BUILD_DIR}/${FRAMEWORKS_FOLDER_PATH}/SwiftSiriWaveformView.framework",
			);
			runOnlyForDeploymentPostprocessing = 0;
			shellPath = /bin/sh;
			shellScript = "\"${SRCROOT}/Pods/Target Support Files/Pods-Venew/Pods-Venew-frameworks.sh\"\n";
			showEnvVarsInLog = 0;
		};
		9E711EE2581D13DEC628E7BC /* [CP] Check Pods Manifest.lock */ = {
			isa = PBXShellScriptBuildPhase;
			buildActionMask = 2147483647;
			files = (
			);
			inputPaths = (
				"${PODS_PODFILE_DIR_PATH}/Podfile.lock",
				"${PODS_ROOT}/Manifest.lock",
			);
			name = "[CP] Check Pods Manifest.lock";
			outputPaths = (
				"$(DERIVED_FILE_DIR)/Pods-Venew-checkManifestLockResult.txt",
			);
			runOnlyForDeploymentPostprocessing = 0;
			shellPath = /bin/sh;
			shellScript = "diff \"${PODS_PODFILE_DIR_PATH}/Podfile.lock\" \"${PODS_ROOT}/Manifest.lock\" > /dev/null\nif [ $? != 0 ] ; then\n    # print error to STDERR\n    echo \"error: The sandbox is not in sync with the Podfile.lock. Run 'pod install' or update your CocoaPods installation.\" >&2\n    exit 1\nfi\n# This output is used by Xcode 'outputs' to avoid re-running this script phase.\necho \"SUCCESS\" > \"${SCRIPT_OUTPUT_FILE_0}\"\n";
			showEnvVarsInLog = 0;
		};
		E9F76FA26B5D26D94167D33F /* [CP] Check Pods Manifest.lock */ = {
			isa = PBXShellScriptBuildPhase;
			buildActionMask = 2147483647;
			files = (
			);
			inputPaths = (
				"${PODS_PODFILE_DIR_PATH}/Podfile.lock",
				"${PODS_ROOT}/Manifest.lock",
			);
			name = "[CP] Check Pods Manifest.lock";
			outputPaths = (
				"$(DERIVED_FILE_DIR)/Pods-VenewTests-checkManifestLockResult.txt",
			);
			runOnlyForDeploymentPostprocessing = 0;
			shellPath = /bin/sh;
			shellScript = "diff \"${PODS_PODFILE_DIR_PATH}/Podfile.lock\" \"${PODS_ROOT}/Manifest.lock\" > /dev/null\nif [ $? != 0 ] ; then\n    # print error to STDERR\n    echo \"error: The sandbox is not in sync with the Podfile.lock. Run 'pod install' or update your CocoaPods installation.\" >&2\n    exit 1\nfi\n# This output is used by Xcode 'outputs' to avoid re-running this script phase.\necho \"SUCCESS\" > \"${SCRIPT_OUTPUT_FILE_0}\"\n";
			showEnvVarsInLog = 0;
		};
/* End PBXShellScriptBuildPhase section */

/* Begin PBXSourcesBuildPhase section */
		C4FE4CB020E9EDA900390B4C /* Sources */ = {
			isa = PBXSourcesBuildPhase;
			buildActionMask = 2147483647;
			files = (
				C4A353CF20EDBEBE00AA5F38 /* MusicIDViewController.swift in Sources */,
				C4A353C820ED864300AA5F38 /* MusicIdentifier.swift in Sources */,
				C44CD6C92101707C007B3A1A /* MediaPlayer.swift in Sources */,
				C4A353D320EDDA6200AA5F38 /* Result.swift in Sources */,
				C41C78EE2107EF930065CC15 /* Events.swift in Sources */,
				C457C6B320EC56D700855333 /* SongACR.swift in Sources */,
				C42CE0DD20EA7FFD008C75DD /* NowPlayingView.swift in Sources */,
				C44CD6C4210133CE007B3A1A /* ArtistSearchResult.swift in Sources */,
				C4FAEFA221012534007CE430 /* APIEndpoint.swift in Sources */,
				C4FE4CEC20E9F73200390B4C /* NowPlayingCoordinator.swift in Sources */,
				C44CD6C621013664007B3A1A /* Data+Codable.swift in Sources */,
				C4FE4CB820E9EDA900390B4C /* AppDelegate.swift in Sources */,
				C4FE4CEE20E9F8A900390B4C /* NowPlayingViewController.swift in Sources */,
				C4FE4CF020E9F91800390B4C /* NowPlayingViewModel.swift in Sources */,
				C4A353D120EDCAB200AA5F38 /* MusicIDView.swift in Sources */,
				C4A353CB20EDB79D00AA5F38 /* MusicIDCoordinator.swift in Sources */,
				C42CE0E920EAF810008C75DD /* CLLocationManager+Rx.swift in Sources */,
				C4B0B415210670C9004EF1DF /* VenueAPIClient.swift in Sources */,
				C42CE0EB20EAFCD3008C75DD /* RxCLLocationManagerDelegateProxy.swift in Sources */,
				C4A353CD20EDB83F00AA5F38 /* MusicIDViewModel.swift in Sources */,
				C4FE4CEA20E9F39000390B4C /* AppCoordinator.swift in Sources */,
				C4FE4CE520E9F26900390B4C /* Coordinator.swift in Sources */,
				C42CE0E720EAF6D4008C75DD /* LocationService.swift in Sources */,
				C4FE4CE320E9F26900390B4C /* MockCoordinator.swift in Sources */,
				C4B0B41721067112004EF1DF /* MPMusic+ex.swift in Sources */,
			);
			runOnlyForDeploymentPostprocessing = 0;
		};
		C4FE4CC420E9EDAA00390B4C /* Sources */ = {
			isa = PBXSourcesBuildPhase;
			buildActionMask = 2147483647;
			files = (
				C42CE0E320EAF0EF008C75DD /* NowPlayingViewController.swift in Sources */,
				C4FE4CE920E9F38900390B4C /* AppCoordinator.swift in Sources */,
				C4FE4CE620E9F2E600390B4C /* Coordinator.swift in Sources */,
				C4FE4CCD20E9EDAA00390B4C /* VenewTests.swift in Sources */,
				C42CE0E520EAF119008C75DD /* NowPlayingView.swift in Sources */,
				C4FE4CDB20E9EFA900390B4C /* AppCoordinatorSpec.swift in Sources */,
				C42CE0E420EAF110008C75DD /* NowPlayingViewModel.swift in Sources */,
				C4FE4CE720E9F2F700390B4C /* MockCoordinator.swift in Sources */,
				C42CE0E220EAF0DD008C75DD /* NowPlayingCoordinator.swift in Sources */,
				C4FE4CDC20E9EFAC00390B4C /* CoordinatorSpec.swift in Sources */,
			);
			runOnlyForDeploymentPostprocessing = 0;
		};
/* End PBXSourcesBuildPhase section */

/* Begin PBXTargetDependency section */
		C4FE4CCA20E9EDAA00390B4C /* PBXTargetDependency */ = {
			isa = PBXTargetDependency;
			target = C4FE4CB320E9EDA900390B4C /* Venew */;
			targetProxy = C4FE4CC920E9EDAA00390B4C /* PBXContainerItemProxy */;
		};
/* End PBXTargetDependency section */

/* Begin PBXVariantGroup section */
		C4FE4CC020E9EDAA00390B4C /* LaunchScreen.storyboard */ = {
			isa = PBXVariantGroup;
			children = (
				C4FE4CC120E9EDAA00390B4C /* Base */,
			);
			name = LaunchScreen.storyboard;
			sourceTree = "<group>";
		};
/* End PBXVariantGroup section */

/* Begin XCBuildConfiguration section */
		C4FE4CCF20E9EDAA00390B4C /* Debug */ = {
			isa = XCBuildConfiguration;
			buildSettings = {
				ALWAYS_SEARCH_USER_PATHS = NO;
				CLANG_ANALYZER_NONNULL = YES;
				CLANG_ANALYZER_NUMBER_OBJECT_CONVERSION = YES_AGGRESSIVE;
				CLANG_CXX_LANGUAGE_STANDARD = "gnu++14";
				CLANG_CXX_LIBRARY = "libc++";
				CLANG_ENABLE_MODULES = YES;
				CLANG_ENABLE_OBJC_ARC = YES;
				CLANG_ENABLE_OBJC_WEAK = YES;
				CLANG_WARN_BLOCK_CAPTURE_AUTORELEASING = YES;
				CLANG_WARN_BOOL_CONVERSION = YES;
				CLANG_WARN_COMMA = YES;
				CLANG_WARN_CONSTANT_CONVERSION = YES;
				CLANG_WARN_DEPRECATED_OBJC_IMPLEMENTATIONS = YES;
				CLANG_WARN_DIRECT_OBJC_ISA_USAGE = YES_ERROR;
				CLANG_WARN_DOCUMENTATION_COMMENTS = YES;
				CLANG_WARN_EMPTY_BODY = YES;
				CLANG_WARN_ENUM_CONVERSION = YES;
				CLANG_WARN_INFINITE_RECURSION = YES;
				CLANG_WARN_INT_CONVERSION = YES;
				CLANG_WARN_NON_LITERAL_NULL_CONVERSION = YES;
				CLANG_WARN_OBJC_IMPLICIT_RETAIN_SELF = YES;
				CLANG_WARN_OBJC_LITERAL_CONVERSION = YES;
				CLANG_WARN_OBJC_ROOT_CLASS = YES_ERROR;
				CLANG_WARN_RANGE_LOOP_ANALYSIS = YES;
				CLANG_WARN_STRICT_PROTOTYPES = YES;
				CLANG_WARN_SUSPICIOUS_MOVE = YES;
				CLANG_WARN_UNGUARDED_AVAILABILITY = YES_AGGRESSIVE;
				CLANG_WARN_UNREACHABLE_CODE = YES;
				CLANG_WARN__DUPLICATE_METHOD_MATCH = YES;
				CODE_SIGN_IDENTITY = "iPhone Developer";
				COPY_PHASE_STRIP = NO;
				DEBUG_INFORMATION_FORMAT = dwarf;
				ENABLE_STRICT_OBJC_MSGSEND = YES;
				ENABLE_TESTABILITY = YES;
				GCC_C_LANGUAGE_STANDARD = gnu11;
				GCC_DYNAMIC_NO_PIC = NO;
				GCC_NO_COMMON_BLOCKS = YES;
				GCC_OPTIMIZATION_LEVEL = 0;
				GCC_PREPROCESSOR_DEFINITIONS = (
					"DEBUG=1",
					"$(inherited)",
				);
				GCC_WARN_64_TO_32_BIT_CONVERSION = YES;
				GCC_WARN_ABOUT_RETURN_TYPE = YES_ERROR;
				GCC_WARN_UNDECLARED_SELECTOR = YES;
				GCC_WARN_UNINITIALIZED_AUTOS = YES_AGGRESSIVE;
				GCC_WARN_UNUSED_FUNCTION = YES;
				GCC_WARN_UNUSED_VARIABLE = YES;
				IPHONEOS_DEPLOYMENT_TARGET = 11.3;
				MTL_ENABLE_DEBUG_INFO = YES;
				ONLY_ACTIVE_ARCH = YES;
				SDKROOT = iphoneos;
				SWIFT_ACTIVE_COMPILATION_CONDITIONS = DEBUG;
				SWIFT_OPTIMIZATION_LEVEL = "-Onone";
			};
			name = Debug;
		};
		C4FE4CD020E9EDAA00390B4C /* Release */ = {
			isa = XCBuildConfiguration;
			buildSettings = {
				ALWAYS_SEARCH_USER_PATHS = NO;
				CLANG_ANALYZER_NONNULL = YES;
				CLANG_ANALYZER_NUMBER_OBJECT_CONVERSION = YES_AGGRESSIVE;
				CLANG_CXX_LANGUAGE_STANDARD = "gnu++14";
				CLANG_CXX_LIBRARY = "libc++";
				CLANG_ENABLE_MODULES = YES;
				CLANG_ENABLE_OBJC_ARC = YES;
				CLANG_ENABLE_OBJC_WEAK = YES;
				CLANG_WARN_BLOCK_CAPTURE_AUTORELEASING = YES;
				CLANG_WARN_BOOL_CONVERSION = YES;
				CLANG_WARN_COMMA = YES;
				CLANG_WARN_CONSTANT_CONVERSION = YES;
				CLANG_WARN_DEPRECATED_OBJC_IMPLEMENTATIONS = YES;
				CLANG_WARN_DIRECT_OBJC_ISA_USAGE = YES_ERROR;
				CLANG_WARN_DOCUMENTATION_COMMENTS = YES;
				CLANG_WARN_EMPTY_BODY = YES;
				CLANG_WARN_ENUM_CONVERSION = YES;
				CLANG_WARN_INFINITE_RECURSION = YES;
				CLANG_WARN_INT_CONVERSION = YES;
				CLANG_WARN_NON_LITERAL_NULL_CONVERSION = YES;
				CLANG_WARN_OBJC_IMPLICIT_RETAIN_SELF = YES;
				CLANG_WARN_OBJC_LITERAL_CONVERSION = YES;
				CLANG_WARN_OBJC_ROOT_CLASS = YES_ERROR;
				CLANG_WARN_RANGE_LOOP_ANALYSIS = YES;
				CLANG_WARN_STRICT_PROTOTYPES = YES;
				CLANG_WARN_SUSPICIOUS_MOVE = YES;
				CLANG_WARN_UNGUARDED_AVAILABILITY = YES_AGGRESSIVE;
				CLANG_WARN_UNREACHABLE_CODE = YES;
				CLANG_WARN__DUPLICATE_METHOD_MATCH = YES;
				CODE_SIGN_IDENTITY = "iPhone Developer";
				COPY_PHASE_STRIP = NO;
				DEBUG_INFORMATION_FORMAT = "dwarf-with-dsym";
				ENABLE_NS_ASSERTIONS = NO;
				ENABLE_STRICT_OBJC_MSGSEND = YES;
				GCC_C_LANGUAGE_STANDARD = gnu11;
				GCC_NO_COMMON_BLOCKS = YES;
				GCC_WARN_64_TO_32_BIT_CONVERSION = YES;
				GCC_WARN_ABOUT_RETURN_TYPE = YES_ERROR;
				GCC_WARN_UNDECLARED_SELECTOR = YES;
				GCC_WARN_UNINITIALIZED_AUTOS = YES_AGGRESSIVE;
				GCC_WARN_UNUSED_FUNCTION = YES;
				GCC_WARN_UNUSED_VARIABLE = YES;
				IPHONEOS_DEPLOYMENT_TARGET = 11.3;
				MTL_ENABLE_DEBUG_INFO = NO;
				SDKROOT = iphoneos;
				SWIFT_COMPILATION_MODE = wholemodule;
				SWIFT_OPTIMIZATION_LEVEL = "-O";
				VALIDATE_PRODUCT = YES;
			};
			name = Release;
		};
		C4FE4CD220E9EDAA00390B4C /* Debug */ = {
			isa = XCBuildConfiguration;
			baseConfigurationReference = F2F2DBA0502C5DF7ACD07697 /* Pods-Venew.debug.xcconfig */;
			buildSettings = {
				ASSETCATALOG_COMPILER_APPICON_NAME = AppIcon;
				CODE_SIGN_STYLE = Automatic;
				DEVELOPMENT_TEAM = RBE99A2Y96;
				INFOPLIST_FILE = Venew/Info.plist;
				LD_RUNPATH_SEARCH_PATHS = (
					"$(inherited)",
					"@executable_path/Frameworks",
				);
				LIBRARY_SEARCH_PATHS = (
					"$(inherited)",
					"$(PROJECT_DIR)",
					"$(PROJECT_DIR)/Venew",
				);
				PRODUCT_BUNDLE_IDENTIFIER = com.DrDoom.Venew;
				PRODUCT_NAME = "$(TARGET_NAME)";
				SWIFT_OBJC_BRIDGING_HEADER = "ACRCloudDemo_Swift-Bridging-Header.h";
				SWIFT_VERSION = 4.0;
				TARGETED_DEVICE_FAMILY = "1,2";
			};
			name = Debug;
		};
		C4FE4CD320E9EDAA00390B4C /* Release */ = {
			isa = XCBuildConfiguration;
			baseConfigurationReference = 47B43FAD00F2CFC79482E0E8 /* Pods-Venew.release.xcconfig */;
			buildSettings = {
				ASSETCATALOG_COMPILER_APPICON_NAME = AppIcon;
				CODE_SIGN_STYLE = Automatic;
				DEVELOPMENT_TEAM = RBE99A2Y96;
				INFOPLIST_FILE = Venew/Info.plist;
				LD_RUNPATH_SEARCH_PATHS = (
					"$(inherited)",
					"@executable_path/Frameworks",
				);
				LIBRARY_SEARCH_PATHS = (
					"$(inherited)",
					"$(PROJECT_DIR)",
					"$(PROJECT_DIR)/Venew",
				);
				PRODUCT_BUNDLE_IDENTIFIER = com.DrDoom.Venew;
				PRODUCT_NAME = "$(TARGET_NAME)";
				SWIFT_OBJC_BRIDGING_HEADER = "ACRCloudDemo_Swift-Bridging-Header.h";
				SWIFT_VERSION = 4.0;
				TARGETED_DEVICE_FAMILY = "1,2";
			};
			name = Release;
		};
		C4FE4CD520E9EDAA00390B4C /* Debug */ = {
			isa = XCBuildConfiguration;
			baseConfigurationReference = 9DFE4C19267A8733D1998F20 /* Pods-VenewTests.debug.xcconfig */;
			buildSettings = {
				ALWAYS_EMBED_SWIFT_STANDARD_LIBRARIES = YES;
				BUNDLE_LOADER = "$(TEST_HOST)";
				CODE_SIGN_STYLE = Automatic;
				DEVELOPMENT_TEAM = RBE99A2Y96;
				INFOPLIST_FILE = VenewTests/Info.plist;
				LD_RUNPATH_SEARCH_PATHS = (
					"$(inherited)",
					"@executable_path/Frameworks",
					"@loader_path/Frameworks",
				);
				PRODUCT_BUNDLE_IDENTIFIER = com.DrDoom.VenewTests;
				PRODUCT_NAME = "$(TARGET_NAME)";
				SWIFT_VERSION = 4.0;
				TARGETED_DEVICE_FAMILY = "1,2";
				TEST_HOST = "$(BUILT_PRODUCTS_DIR)/Venew.app/Venew";
			};
			name = Debug;
		};
		C4FE4CD620E9EDAA00390B4C /* Release */ = {
			isa = XCBuildConfiguration;
			baseConfigurationReference = B5DD81047E0AE7568FDD6666 /* Pods-VenewTests.release.xcconfig */;
			buildSettings = {
				ALWAYS_EMBED_SWIFT_STANDARD_LIBRARIES = YES;
				BUNDLE_LOADER = "$(TEST_HOST)";
				CODE_SIGN_STYLE = Automatic;
				DEVELOPMENT_TEAM = RBE99A2Y96;
				INFOPLIST_FILE = VenewTests/Info.plist;
				LD_RUNPATH_SEARCH_PATHS = (
					"$(inherited)",
					"@executable_path/Frameworks",
					"@loader_path/Frameworks",
				);
				PRODUCT_BUNDLE_IDENTIFIER = com.DrDoom.VenewTests;
				PRODUCT_NAME = "$(TARGET_NAME)";
				SWIFT_VERSION = 4.0;
				TARGETED_DEVICE_FAMILY = "1,2";
				TEST_HOST = "$(BUILT_PRODUCTS_DIR)/Venew.app/Venew";
			};
			name = Release;
		};
/* End XCBuildConfiguration section */

/* Begin XCConfigurationList section */
		C4FE4CAF20E9EDA900390B4C /* Build configuration list for PBXProject "Venew" */ = {
			isa = XCConfigurationList;
			buildConfigurations = (
				C4FE4CCF20E9EDAA00390B4C /* Debug */,
				C4FE4CD020E9EDAA00390B4C /* Release */,
			);
			defaultConfigurationIsVisible = 0;
			defaultConfigurationName = Release;
		};
		C4FE4CD120E9EDAA00390B4C /* Build configuration list for PBXNativeTarget "Venew" */ = {
			isa = XCConfigurationList;
			buildConfigurations = (
				C4FE4CD220E9EDAA00390B4C /* Debug */,
				C4FE4CD320E9EDAA00390B4C /* Release */,
			);
			defaultConfigurationIsVisible = 0;
			defaultConfigurationName = Release;
		};
		C4FE4CD420E9EDAA00390B4C /* Build configuration list for PBXNativeTarget "VenewTests" */ = {
			isa = XCConfigurationList;
			buildConfigurations = (
				C4FE4CD520E9EDAA00390B4C /* Debug */,
				C4FE4CD620E9EDAA00390B4C /* Release */,
			);
			defaultConfigurationIsVisible = 0;
			defaultConfigurationName = Release;
		};
/* End XCConfigurationList section */
	};
	rootObject = C4FE4CAC20E9EDA900390B4C /* Project object */;
}
